
Microsoft Visual Studio Solution File, Format Version 12.00
# Visual Studio Version 16
VisualStudioVersion = 16.0.31515.178
MinimumVisualStudioVersion = 10.0.40219.1
Project("{8BC9CEB8-8B4A-11D0-8D11-00A0C91BC942}") = "Lab6", "Lab6\Lab6.vcxproj", "{DCA720B6-3A05-486E-B56E-504B67B2EC04}"
EndProject
Global
	GlobalSection(SolutionConfigurationPlatforms) = preSolution
		Debug|x64 = Debug|x64
		Debug|x86 = Debug|x86
		Release|x64 = Release|x64
		Release|x86 = Release|x86
	EndGlobalSection
	GlobalSection(ProjectConfigurationPlatforms) = postSolution
		{DCA720B6-3A05-486E-B56E-504B67B2EC04}.Debug|x64.ActiveCfg = Debug|x64
		{DCA720B6-3A05-486E-B56E-504B67B2EC04}.Debug|x64.Build.0 = Debug|x64
		{DCA720B6-3A05-486E-B56E-504B67B2EC04}.Debug|x86.ActiveCfg = Debug|Win32
		{DCA720B6-3A05-486E-B56E-504B67B2EC04}.Debug|x86.Build.0 = Debug|Win32
		{DCA720B6-3A05-486E-B56E-504B67B2EC04}.Release|x64.ActiveCfg = Release|x64
		{DCA720B6-3A05-486E-B56E-504B67B2EC04}.Release|x64.Build.0 = Release|x64
		{DCA720B6-3A05-486E-B56E-504B67B2EC04}.Release|x86.ActiveCfg = Release|Win32
		{DCA720B6-3A05-486E-B56E-504B67B2EC04}.Release|x86.Build.0 = Release|Win32
	EndGlobalSection
	GlobalSection(SolutionProperties) = preSolution
		HideSolutionNode = FALSE
	EndGlobalSection
	GlobalSection(ExtensibilityGlobals) = postSolution
		SolutionGuid = {4E70B7D9-30E8-46ED-8B94-B0C75CB203A6}
	EndGlobalSection
EndGlobal
